
Microsoft Visual Studio Solution File, Format Version 12.00
# Visual Studio Version 16
VisualStudioVersion = 16.0.31613.86
MinimumVisualStudioVersion = 10.0.40219.1
Project("{FAE04EC0-301F-11D3-BF4B-00C04F79EFBC}") = "conexion con sql server", "conexion con sql server\conexion con sql server.csproj", "{563E1D89-9AFF-453E-BD98-2646E9EE3C04}"
EndProject
Project("{FAE04EC0-301F-11D3-BF4B-00C04F79EFBC}") = "CapaDatos", "CapaDatos\CapaDatos.csproj", "{87F49162-5314-4D9D-A75B-EB831D2D6EA0}"
EndProject
Project("{FAE04EC0-301F-11D3-BF4B-00C04F79EFBC}") = "CapaNegocio", "CapaNegocio\CapaNegocio.csproj", "{CF07C55C-72F0-47D0-B176-3E708041F5F7}"
EndProject
Global
	GlobalSection(SolutionConfigurationPlatforms) = preSolution
		Debug|Any CPU = Debug|Any CPU
		Release|Any CPU = Release|Any CPU
	EndGlobalSection
	GlobalSection(ProjectConfigurationPlatforms) = postSolution
		{563E1D89-9AFF-453E-BD98-2646E9EE3C04}.Debug|Any CPU.ActiveCfg = Debug|Any CPU
		{563E1D89-9AFF-453E-BD98-2646E9EE3C04}.Debug|Any CPU.Build.0 = Debug|Any CPU
		{563E1D89-9AFF-453E-BD98-2646E9EE3C04}.Release|Any CPU.ActiveCfg = Release|Any CPU
		{563E1D89-9AFF-453E-BD98-2646E9EE3C04}.Release|Any CPU.Build.0 = Release|Any CPU
		{87F49162-5314-4D9D-A75B-EB831D2D6EA0}.Debug|Any CPU.ActiveCfg = Debug|Any CPU
		{87F49162-5314-4D9D-A75B-EB831D2D6EA0}.Debug|Any CPU.Build.0 = Debug|Any CPU
		{87F49162-5314-4D9D-A75B-EB831D2D6EA0}.Release|Any CPU.ActiveCfg = Release|Any CPU
		{87F49162-5314-4D9D-A75B-EB831D2D6EA0}.Release|Any CPU.Build.0 = Release|Any CPU
		{CF07C55C-72F0-47D0-B176-3E708041F5F7}.Debug|Any CPU.ActiveCfg = Debug|Any CPU
		{CF07C55C-72F0-47D0-B176-3E708041F5F7}.Debug|Any CPU.Build.0 = Debug|Any CPU
		{CF07C55C-72F0-47D0-B176-3E708041F5F7}.Release|Any CPU.ActiveCfg = Release|Any CPU
		{CF07C55C-72F0-47D0-B176-3E708041F5F7}.Release|Any CPU.Build.0 = Release|Any CPU
	EndGlobalSection
	GlobalSection(SolutionProperties) = preSolution
		HideSolutionNode = FALSE
	EndGlobalSection
	GlobalSection(ExtensibilityGlobals) = postSolution
		SolutionGuid = {A08894B4-225C-42CC-B484-A030C65A17E7}
	EndGlobalSection
EndGlobal
