
Microsoft Visual Studio Solution File, Format Version 12.00
# Visual Studio Version 16
VisualStudioVersion = 16.0.31613.86
MinimumVisualStudioVersion = 10.0.40219.1
Project("{FAE04EC0-301F-11D3-BF4B-00C04F79EFBC}") = "ejemplo02", "ejemplo02\ejemplo02.csproj", "{C85A6F85-5008-4DF4-B751-6DA6AF62B994}"
EndProject
Project("{FAE04EC0-301F-11D3-BF4B-00C04F79EFBC}") = "capaDatos", "capaDatos\capaDatos.csproj", "{3BE90E0A-383E-4194-B648-5682A5E4F6E2}"
EndProject
Project("{FAE04EC0-301F-11D3-BF4B-00C04F79EFBC}") = "CapaNegocio", "CapaNegocio\CapaNegocio.csproj", "{BD6BFA19-F198-4291-9C45-F398AC57947E}"
EndProject
Global
	GlobalSection(SolutionConfigurationPlatforms) = preSolution
		Debug|Any CPU = Debug|Any CPU
		Release|Any CPU = Release|Any CPU
	EndGlobalSection
	GlobalSection(ProjectConfigurationPlatforms) = postSolution
		{C85A6F85-5008-4DF4-B751-6DA6AF62B994}.Debug|Any CPU.ActiveCfg = Debug|Any CPU
		{C85A6F85-5008-4DF4-B751-6DA6AF62B994}.Debug|Any CPU.Build.0 = Debug|Any CPU
		{C85A6F85-5008-4DF4-B751-6DA6AF62B994}.Release|Any CPU.ActiveCfg = Release|Any CPU
		{C85A6F85-5008-4DF4-B751-6DA6AF62B994}.Release|Any CPU.Build.0 = Release|Any CPU
		{3BE90E0A-383E-4194-B648-5682A5E4F6E2}.Debug|Any CPU.ActiveCfg = Debug|Any CPU
		{3BE90E0A-383E-4194-B648-5682A5E4F6E2}.Debug|Any CPU.Build.0 = Debug|Any CPU
		{3BE90E0A-383E-4194-B648-5682A5E4F6E2}.Release|Any CPU.ActiveCfg = Release|Any CPU
		{3BE90E0A-383E-4194-B648-5682A5E4F6E2}.Release|Any CPU.Build.0 = Release|Any CPU
		{BD6BFA19-F198-4291-9C45-F398AC57947E}.Debug|Any CPU.ActiveCfg = Debug|Any CPU
		{BD6BFA19-F198-4291-9C45-F398AC57947E}.Debug|Any CPU.Build.0 = Debug|Any CPU
		{BD6BFA19-F198-4291-9C45-F398AC57947E}.Release|Any CPU.ActiveCfg = Release|Any CPU
		{BD6BFA19-F198-4291-9C45-F398AC57947E}.Release|Any CPU.Build.0 = Release|Any CPU
	EndGlobalSection
	GlobalSection(SolutionProperties) = preSolution
		HideSolutionNode = FALSE
	EndGlobalSection
	GlobalSection(ExtensibilityGlobals) = postSolution
		SolutionGuid = {A3DB8789-D113-4C99-A7C8-C42712E57523}
	EndGlobalSection
EndGlobal
